// !$*UTF8*$!
{
	archiveVersion = 1;
	classes = {
	};
	objectVersion = 46;
	objects = {

/* Begin PBXBuildFile section */
		674332131D52CCB000ADA354 /* audio.wav in Resources */ = {isa = PBXBuildFile; fileRef = 674332121D52CCB000ADA354 /* audio.wav */; };
		6745EA3D1D550E6A005B51ED /* arrayFile.txt in Resources */ = {isa = PBXBuildFile; fileRef = 6745EA3C1D550E6A005B51ED /* arrayFile.txt */; };
		6745EA3F1D554972005B51ED /* array.txt in Resources */ = {isa = PBXBuildFile; fileRef = 6745EA3E1D554972005B51ED /* array.txt */; };
		6752C1C41D5181A0001453E3 /* AppDelegate.swift in Sources */ = {isa = PBXBuildFile; fileRef = 6752C1C31D5181A0001453E3 /* AppDelegate.swift */; };
		6752C1C61D5181A0001453E3 /* ViewController.swift in Sources */ = {isa = PBXBuildFile; fileRef = 6752C1C51D5181A0001453E3 /* ViewController.swift */; };
		6752C1C91D5181A0001453E3 /* Main.storyboard in Resources */ = {isa = PBXBuildFile; fileRef = 6752C1C71D5181A0001453E3 /* Main.storyboard */; };
		6752C1CB1D5181A0001453E3 /* Assets.xcassets in Resources */ = {isa = PBXBuildFile; fileRef = 6752C1CA1D5181A0001453E3 /* Assets.xcassets */; };
		6752C1CE1D5181A0001453E3 /* LaunchScreen.storyboard in Resources */ = {isa = PBXBuildFile; fileRef = 6752C1CC1D5181A0001453E3 /* LaunchScreen.storyboard */; };
		6752C1E41D5181B3001453E3 /* Watch Prototype Extension.appex in Embed App Extensions */ = {isa = PBXBuildFile; fileRef = 6752C1E31D5181B3001453E3 /* Watch Prototype Extension.appex */; settings = {ATTRIBUTES = (RemoveHeadersOnCopy, ); }; };
		6752C1EB1D5181B3001453E3 /* InterfaceController.swift in Sources */ = {isa = PBXBuildFile; fileRef = 6752C1EA1D5181B3001453E3 /* InterfaceController.swift */; };
		6752C1ED1D5181B3001453E3 /* ExtensionDelegate.swift in Sources */ = {isa = PBXBuildFile; fileRef = 6752C1EC1D5181B3001453E3 /* ExtensionDelegate.swift */; };
		6752C1F11D5181B3001453E3 /* Assets.xcassets in Resources */ = {isa = PBXBuildFile; fileRef = 6752C1F01D5181B3001453E3 /* Assets.xcassets */; };
		6752C1F51D5181B3001453E3 /* Watch Prototype.app in Embed Watch Content */ = {isa = PBXBuildFile; fileRef = 6752C1D71D5181B3001453E3 /* Watch Prototype.app */; };
		6752C2051D51870D001453E3 /* audioFile.wav in Resources */ = {isa = PBXBuildFile; fileRef = 6752C2041D51870D001453E3 /* audioFile.wav */; };
		67FAD4191D6F6F3400D9952C /* contactList.swift in Sources */ = {isa = PBXBuildFile; fileRef = 67FAD4181D6F6F3400D9952C /* contactList.swift */; };
		67FAD41D1D6F7AF000D9952C /* rowController.swift in Sources */ = {isa = PBXBuildFile; fileRef = 67FAD41C1D6F7AF000D9952C /* rowController.swift */; };
		B0C589921D7206D4008CCC08 /* Interface.storyboard in Resources */ = {isa = PBXBuildFile; fileRef = B0C589911D7206D4008CCC08 /* Interface.storyboard */; };
		B0C589941D7206FB008CCC08 /* Assets.xcassets in Resources */ = {isa = PBXBuildFile; fileRef = B0C589931D7206FB008CCC08 /* Assets.xcassets */; };
/* End PBXBuildFile section */

/* Begin PBXContainerItemProxy section */
		6752C1E51D5181B3001453E3 /* PBXContainerItemProxy */ = {
			isa = PBXContainerItemProxy;
			containerPortal = 6752C1B81D5181A0001453E3 /* Project object */;
			proxyType = 1;
			remoteGlobalIDString = 6752C1E21D5181B3001453E3;
			remoteInfo = "Watch Prototype Extension";
		};
		6752C1F31D5181B3001453E3 /* PBXContainerItemProxy */ = {
			isa = PBXContainerItemProxy;
			containerPortal = 6752C1B81D5181A0001453E3 /* Project object */;
			proxyType = 1;
			remoteGlobalIDString = 6752C1D61D5181B3001453E3;
			remoteInfo = "Watch Prototype";
		};
/* End PBXContainerItemProxy section */

/* Begin PBXCopyFilesBuildPhase section */
		6752C1F91D5181B3001453E3 /* Embed App Extensions */ = {
			isa = PBXCopyFilesBuildPhase;
			buildActionMask = 2147483647;
			dstPath = "";
			dstSubfolderSpec = 13;
			files = (
				6752C1E41D5181B3001453E3 /* Watch Prototype Extension.appex in Embed App Extensions */,
			);
			name = "Embed App Extensions";
			runOnlyForDeploymentPostprocessing = 0;
		};
		6752C1FD1D5181B3001453E3 /* Embed Watch Content */ = {
			isa = PBXCopyFilesBuildPhase;
			buildActionMask = 2147483647;
			dstPath = "$(CONTENTS_FOLDER_PATH)/Watch";
			dstSubfolderSpec = 16;
			files = (
				6752C1F51D5181B3001453E3 /* Watch Prototype.app in Embed Watch Content */,
			);
			name = "Embed Watch Content";
			runOnlyForDeploymentPostprocessing = 0;
		};
/* End PBXCopyFilesBuildPhase section */

/* Begin PBXFileReference section */
		674332121D52CCB000ADA354 /* audio.wav */ = {isa = PBXFileReference; lastKnownFileType = audio.wav; path = audio.wav; sourceTree = "<group>"; };
		6745EA3C1D550E6A005B51ED /* arrayFile.txt */ = {isa = PBXFileReference; fileEncoding = 4; lastKnownFileType = text; path = arrayFile.txt; sourceTree = "<group>"; };
		6745EA3E1D554972005B51ED /* array.txt */ = {isa = PBXFileReference; fileEncoding = 4; lastKnownFileType = text; path = array.txt; sourceTree = "<group>"; };
		6752C1C01D5181A0001453E3 /* Prototype.app */ = {isa = PBXFileReference; explicitFileType = wrapper.application; includeInIndex = 0; path = Prototype.app; sourceTree = BUILT_PRODUCTS_DIR; };
		6752C1C31D5181A0001453E3 /* AppDelegate.swift */ = {isa = PBXFileReference; lastKnownFileType = sourcecode.swift; path = AppDelegate.swift; sourceTree = "<group>"; };
		6752C1C51D5181A0001453E3 /* ViewController.swift */ = {isa = PBXFileReference; lastKnownFileType = sourcecode.swift; path = ViewController.swift; sourceTree = "<group>"; };
		6752C1C81D5181A0001453E3 /* Base */ = {isa = PBXFileReference; lastKnownFileType = file.storyboard; name = Base; path = Base.lproj/Main.storyboard; sourceTree = "<group>"; };
		6752C1CA1D5181A0001453E3 /* Assets.xcassets */ = {isa = PBXFileReference; lastKnownFileType = folder.assetcatalog; path = Assets.xcassets; sourceTree = "<group>"; };
		6752C1CD1D5181A0001453E3 /* Base */ = {isa = PBXFileReference; lastKnownFileType = file.storyboard; name = Base; path = Base.lproj/LaunchScreen.storyboard; sourceTree = "<group>"; };
		6752C1CF1D5181A0001453E3 /* Info.plist */ = {isa = PBXFileReference; lastKnownFileType = text.plist.xml; path = Info.plist; sourceTree = "<group>"; };
		6752C1D71D5181B3001453E3 /* Watch Prototype.app */ = {isa = PBXFileReference; explicitFileType = wrapper.application; includeInIndex = 0; path = "Watch Prototype.app"; sourceTree = BUILT_PRODUCTS_DIR; };
		6752C1DE1D5181B3001453E3 /* Info.plist */ = {isa = PBXFileReference; lastKnownFileType = text.plist.xml; path = Info.plist; sourceTree = "<group>"; };
		6752C1E31D5181B3001453E3 /* Watch Prototype Extension.appex */ = {isa = PBXFileReference; explicitFileType = "wrapper.app-extension"; includeInIndex = 0; path = "Watch Prototype Extension.appex"; sourceTree = BUILT_PRODUCTS_DIR; };
		6752C1E91D5181B3001453E3 /* PushNotificationPayload.apns */ = {isa = PBXFileReference; lastKnownFileType = text; path = PushNotificationPayload.apns; sourceTree = "<group>"; };
		6752C1EA1D5181B3001453E3 /* InterfaceController.swift */ = {isa = PBXFileReference; lastKnownFileType = sourcecode.swift; path = InterfaceController.swift; sourceTree = "<group>"; };
		6752C1EC1D5181B3001453E3 /* ExtensionDelegate.swift */ = {isa = PBXFileReference; lastKnownFileType = sourcecode.swift; path = ExtensionDelegate.swift; sourceTree = "<group>"; };
		6752C1F01D5181B3001453E3 /* Assets.xcassets */ = {isa = PBXFileReference; lastKnownFileType = folder.assetcatalog; path = Assets.xcassets; sourceTree = "<group>"; };
		6752C1F21D5181B3001453E3 /* Info.plist */ = {isa = PBXFileReference; lastKnownFileType = text.plist.xml; path = Info.plist; sourceTree = "<group>"; };
		6752C2041D51870D001453E3 /* audioFile.wav */ = {isa = PBXFileReference; lastKnownFileType = audio.wav; path = audioFile.wav; sourceTree = "<group>"; };
		67FAD4181D6F6F3400D9952C /* contactList.swift */ = {isa = PBXFileReference; fileEncoding = 4; lastKnownFileType = sourcecode.swift; path = contactList.swift; sourceTree = "<group>"; };
		67FAD41C1D6F7AF000D9952C /* rowController.swift */ = {isa = PBXFileReference; fileEncoding = 4; lastKnownFileType = sourcecode.swift; path = rowController.swift; sourceTree = "<group>"; };
		67FAD41E1D706D3100D9952C /* Watch Prototype Extension.entitlements */ = {isa = PBXFileReference; lastKnownFileType = text.xml; path = "Watch Prototype Extension.entitlements"; sourceTree = "<group>"; };
		B0C589911D7206D4008CCC08 /* Interface.storyboard */ = {isa = PBXFileReference; fileEncoding = 4; lastKnownFileType = file.storyboard; name = Interface.storyboard; path = ../../Interface.storyboard; sourceTree = "<group>"; };
		B0C589931D7206FB008CCC08 /* Assets.xcassets */ = {isa = PBXFileReference; lastKnownFileType = folder.assetcatalog; name = Assets.xcassets; path = ../../Assets.xcassets; sourceTree = "<group>"; };
/* End PBXFileReference section */

/* Begin PBXFrameworksBuildPhase section */
		6752C1BD1D5181A0001453E3 /* Frameworks */ = {
			isa = PBXFrameworksBuildPhase;
			buildActionMask = 2147483647;
			files = (
			);
			runOnlyForDeploymentPostprocessing = 0;
		};
		6752C1E01D5181B3001453E3 /* Frameworks */ = {
			isa = PBXFrameworksBuildPhase;
			buildActionMask = 2147483647;
			files = (
			);
			runOnlyForDeploymentPostprocessing = 0;
		};
/* End PBXFrameworksBuildPhase section */

/* Begin PBXGroup section */
		6752C1B71D5181A0001453E3 = {
			isa = PBXGroup;
			children = (
				6752C1C21D5181A0001453E3 /* Prototype */,
				6752C1D81D5181B3001453E3 /* Watch Prototype */,
				6752C1E71D5181B3001453E3 /* Watch Prototype Extension */,
				6752C1C11D5181A0001453E3 /* Products */,
			);
			sourceTree = "<group>";
		};
		6752C1C11D5181A0001453E3 /* Products */ = {
			isa = PBXGroup;
			children = (
				6752C1C01D5181A0001453E3 /* Prototype.app */,
				6752C1D71D5181B3001453E3 /* Watch Prototype.app */,
				6752C1E31D5181B3001453E3 /* Watch Prototype Extension.appex */,
			);
			name = Products;
			sourceTree = "<group>";
		};
		6752C1C21D5181A0001453E3 /* Prototype */ = {
			isa = PBXGroup;
			children = (
				6752C1C31D5181A0001453E3 /* AppDelegate.swift */,
				6752C1C51D5181A0001453E3 /* ViewController.swift */,
				6752C1C71D5181A0001453E3 /* Main.storyboard */,
				6752C1CA1D5181A0001453E3 /* Assets.xcassets */,
				6752C1CC1D5181A0001453E3 /* LaunchScreen.storyboard */,
				6752C1CF1D5181A0001453E3 /* Info.plist */,
				674332121D52CCB000ADA354 /* audio.wav */,
				6745EA3C1D550E6A005B51ED /* arrayFile.txt */,
			);
			path = Prototype;
			sourceTree = "<group>";
		};
		6752C1D81D5181B3001453E3 /* Watch Prototype */ = {
			isa = PBXGroup;
			children = (
				B0C589911D7206D4008CCC08 /* Interface.storyboard */,
				B0C589931D7206FB008CCC08 /* Assets.xcassets */,
				6752C1DE1D5181B3001453E3 /* Info.plist */,
			);
			path = "Watch Prototype";
			sourceTree = "<group>";
		};
		6752C1E71D5181B3001453E3 /* Watch Prototype Extension */ = {
			isa = PBXGroup;
			children = (
				67FAD41E1D706D3100D9952C /* Watch Prototype Extension.entitlements */,
				6752C1EA1D5181B3001453E3 /* InterfaceController.swift */,
				67FAD4181D6F6F3400D9952C /* contactList.swift */,
				6752C1EC1D5181B3001453E3 /* ExtensionDelegate.swift */,
				67FAD41C1D6F7AF000D9952C /* rowController.swift */,
				6752C1F01D5181B3001453E3 /* Assets.xcassets */,
				6752C2041D51870D001453E3 /* audioFile.wav */,
				6745EA3E1D554972005B51ED /* array.txt */,
				6752C1F21D5181B3001453E3 /* Info.plist */,
				6752C1E81D5181B3001453E3 /* Supporting Files */,
			);
			path = "Watch Prototype Extension";
			sourceTree = "<group>";
		};
		6752C1E81D5181B3001453E3 /* Supporting Files */ = {
			isa = PBXGroup;
			children = (
				6752C1E91D5181B3001453E3 /* PushNotificationPayload.apns */,
			);
			name = "Supporting Files";
			sourceTree = "<group>";
		};
/* End PBXGroup section */

/* Begin PBXNativeTarget section */
		6752C1BF1D5181A0001453E3 /* Prototype */ = {
			isa = PBXNativeTarget;
			buildConfigurationList = 6752C1D21D5181A0001453E3 /* Build configuration list for PBXNativeTarget "Prototype" */;
			buildPhases = (
				6752C1BC1D5181A0001453E3 /* Sources */,
				6752C1BD1D5181A0001453E3 /* Frameworks */,
				6752C1BE1D5181A0001453E3 /* Resources */,
				6752C1FD1D5181B3001453E3 /* Embed Watch Content */,
			);
			buildRules = (
			);
			dependencies = (
				6752C1F41D5181B3001453E3 /* PBXTargetDependency */,
			);
			name = Prototype;
			productName = Prototype;
			productReference = 6752C1C01D5181A0001453E3 /* Prototype.app */;
			productType = "com.apple.product-type.application";
		};
		6752C1D61D5181B3001453E3 /* Watch Prototype */ = {
			isa = PBXNativeTarget;
			buildConfigurationList = 6752C1FA1D5181B3001453E3 /* Build configuration list for PBXNativeTarget "Watch Prototype" */;
			buildPhases = (
				6752C1D51D5181B3001453E3 /* Resources */,
				6752C1F91D5181B3001453E3 /* Embed App Extensions */,
			);
			buildRules = (
			);
			dependencies = (
				6752C1E61D5181B3001453E3 /* PBXTargetDependency */,
			);
			name = "Watch Prototype";
			productName = "Watch Prototype";
			productReference = 6752C1D71D5181B3001453E3 /* Watch Prototype.app */;
			productType = "com.apple.product-type.application.watchapp2";
		};
		6752C1E21D5181B3001453E3 /* Watch Prototype Extension */ = {
			isa = PBXNativeTarget;
			buildConfigurationList = 6752C1F61D5181B3001453E3 /* Build configuration list for PBXNativeTarget "Watch Prototype Extension" */;
			buildPhases = (
				6752C1DF1D5181B3001453E3 /* Sources */,
				6752C1E01D5181B3001453E3 /* Frameworks */,
				6752C1E11D5181B3001453E3 /* Resources */,
			);
			buildRules = (
			);
			dependencies = (
			);
			name = "Watch Prototype Extension";
			productName = "Watch Prototype Extension";
			productReference = 6752C1E31D5181B3001453E3 /* Watch Prototype Extension.appex */;
			productType = "com.apple.product-type.watchkit2-extension";
		};
/* End PBXNativeTarget section */

/* Begin PBXProject section */
		6752C1B81D5181A0001453E3 /* Project object */ = {
			isa = PBXProject;
			attributes = {
				LastSwiftUpdateCheck = 0730;
				LastUpgradeCheck = 0730;
				ORGANIZATIONNAME = "Anthony Parente";
				TargetAttributes = {
					6752C1BF1D5181A0001453E3 = {
						CreatedOnToolsVersion = 7.3.1;
						DevelopmentTeam = HSCFYQAX6L;
					};
					6752C1D61D5181B3001453E3 = {
						CreatedOnToolsVersion = 7.3.1;
					};
					6752C1E21D5181B3001453E3 = {
						CreatedOnToolsVersion = 7.3.1;
						DevelopmentTeam = HSCFYQAX6L;
						SystemCapabilities = {
							com.apple.ApplicationGroups.iOS = {
								enabled = 1;
							};
						};
					};
				};
			};
			buildConfigurationList = 6752C1BB1D5181A0001453E3 /* Build configuration list for PBXProject "Prototype" */;
			compatibilityVersion = "Xcode 3.2";
			developmentRegion = English;
			hasScannedForEncodings = 0;
			knownRegions = (
				en,
				Base,
			);
			mainGroup = 6752C1B71D5181A0001453E3;
			productRefGroup = 6752C1C11D5181A0001453E3 /* Products */;
			projectDirPath = "";
			projectRoot = "";
			targets = (
				6752C1BF1D5181A0001453E3 /* Prototype */,
				6752C1D61D5181B3001453E3 /* Watch Prototype */,
				6752C1E21D5181B3001453E3 /* Watch Prototype Extension */,
			);
		};
/* End PBXProject section */

/* Begin PBXResourcesBuildPhase section */
		6752C1BE1D5181A0001453E3 /* Resources */ = {
			isa = PBXResourcesBuildPhase;
			buildActionMask = 2147483647;
			files = (
				6752C1CE1D5181A0001453E3 /* LaunchScreen.storyboard in Resources */,
				6745EA3D1D550E6A005B51ED /* arrayFile.txt in Resources */,
				6752C1CB1D5181A0001453E3 /* Assets.xcassets in Resources */,
				6752C1C91D5181A0001453E3 /* Main.storyboard in Resources */,
				674332131D52CCB000ADA354 /* audio.wav in Resources */,
			);
			runOnlyForDeploymentPostprocessing = 0;
		};
		6752C1D51D5181B3001453E3 /* Resources */ = {
			isa = PBXResourcesBuildPhase;
			buildActionMask = 2147483647;
			files = (
				B0C589941D7206FB008CCC08 /* Assets.xcassets in Resources */,
				B0C589921D7206D4008CCC08 /* Interface.storyboard in Resources */,
			);
			runOnlyForDeploymentPostprocessing = 0;
		};
		6752C1E11D5181B3001453E3 /* Resources */ = {
			isa = PBXResourcesBuildPhase;
			buildActionMask = 2147483647;
			files = (
				6752C1F11D5181B3001453E3 /* Assets.xcassets in Resources */,
				6745EA3F1D554972005B51ED /* array.txt in Resources */,
				6752C2051D51870D001453E3 /* audioFile.wav in Resources */,
			);
			runOnlyForDeploymentPostprocessing = 0;
		};
/* End PBXResourcesBuildPhase section */

/* Begin PBXSourcesBuildPhase section */
		6752C1BC1D5181A0001453E3 /* Sources */ = {
			isa = PBXSourcesBuildPhase;
			buildActionMask = 2147483647;
			files = (
				6752C1C61D5181A0001453E3 /* ViewController.swift in Sources */,
				6752C1C41D5181A0001453E3 /* AppDelegate.swift in Sources */,
			);
			runOnlyForDeploymentPostprocessing = 0;
		};
		6752C1DF1D5181B3001453E3 /* Sources */ = {
			isa = PBXSourcesBuildPhase;
			buildActionMask = 2147483647;
			files = (
				6752C1ED1D5181B3001453E3 /* ExtensionDelegate.swift in Sources */,
				67FAD4191D6F6F3400D9952C /* contactList.swift in Sources */,
				67FAD41D1D6F7AF000D9952C /* rowController.swift in Sources */,
				6752C1EB1D5181B3001453E3 /* InterfaceController.swift in Sources */,
			);
			runOnlyForDeploymentPostprocessing = 0;
		};
/* End PBXSourcesBuildPhase section */

/* Begin PBXTargetDependency section */
		6752C1E61D5181B3001453E3 /* PBXTargetDependency */ = {
			isa = PBXTargetDependency;
			target = 6752C1E21D5181B3001453E3 /* Watch Prototype Extension */;
			targetProxy = 6752C1E51D5181B3001453E3 /* PBXContainerItemProxy */;
		};
		6752C1F41D5181B3001453E3 /* PBXTargetDependency */ = {
			isa = PBXTargetDependency;
			target = 6752C1D61D5181B3001453E3 /* Watch Prototype */;
			targetProxy = 6752C1F31D5181B3001453E3 /* PBXContainerItemProxy */;
		};
/* End PBXTargetDependency section */

/* Begin PBXVariantGroup section */
		6752C1C71D5181A0001453E3 /* Main.storyboard */ = {
			isa = PBXVariantGroup;
			children = (
				6752C1C81D5181A0001453E3 /* Base */,
			);
			name = Main.storyboard;
			sourceTree = "<group>";
		};
		6752C1CC1D5181A0001453E3 /* LaunchScreen.storyboard */ = {
			isa = PBXVariantGroup;
			children = (
				6752C1CD1D5181A0001453E3 /* Base */,
			);
			name = LaunchScreen.storyboard;
			sourceTree = "<group>";
		};
/* End PBXVariantGroup section */

/* Begin XCBuildConfiguration section */
		6752C1D01D5181A0001453E3 /* Debug */ = {
			isa = XCBuildConfiguration;
			buildSettings = {
				ALWAYS_SEARCH_USER_PATHS = NO;
				CLANG_ANALYZER_NONNULL = YES;
				CLANG_CXX_LANGUAGE_STANDARD = "gnu++0x";
				CLANG_CXX_LIBRARY = "libc++";
				CLANG_ENABLE_MODULES = YES;
				CLANG_ENABLE_OBJC_ARC = YES;
				CLANG_WARN_BOOL_CONVERSION = YES;
				CLANG_WARN_CONSTANT_CONVERSION = YES;
				CLANG_WARN_DIRECT_OBJC_ISA_USAGE = YES_ERROR;
				CLANG_WARN_EMPTY_BODY = YES;
				CLANG_WARN_ENUM_CONVERSION = YES;
				CLANG_WARN_INT_CONVERSION = YES;
				CLANG_WARN_OBJC_ROOT_CLASS = YES_ERROR;
				CLANG_WARN_UNREACHABLE_CODE = YES;
				CLANG_WARN__DUPLICATE_METHOD_MATCH = YES;
				"CODE_SIGN_IDENTITY[sdk=iphoneos*]" = "iPhone Developer";
				COPY_PHASE_STRIP = NO;
				DEBUG_INFORMATION_FORMAT = dwarf;
				ENABLE_STRICT_OBJC_MSGSEND = YES;
				ENABLE_TESTABILITY = YES;
				GCC_C_LANGUAGE_STANDARD = gnu99;
				GCC_DYNAMIC_NO_PIC = NO;
				GCC_NO_COMMON_BLOCKS = YES;
				GCC_OPTIMIZATION_LEVEL = 0;
				GCC_PREPROCESSOR_DEFINITIONS = (
					"DEBUG=1",
					"$(inherited)",
				);
				GCC_WARN_64_TO_32_BIT_CONVERSION = YES;
				GCC_WARN_ABOUT_RETURN_TYPE = YES_ERROR;
				GCC_WARN_UNDECLARED_SELECTOR = YES;
				GCC_WARN_UNINITIALIZED_AUTOS = YES_AGGRESSIVE;
				GCC_WARN_UNUSED_FUNCTION = YES;
				GCC_WARN_UNUSED_VARIABLE = YES;
				IPHONEOS_DEPLOYMENT_TARGET = 9.3;
				MTL_ENABLE_DEBUG_INFO = YES;
				ONLY_ACTIVE_ARCH = YES;
				SDKROOT = iphoneos;
				SWIFT_OPTIMIZATION_LEVEL = "-Onone";
			};
			name = Debug;
		};
		6752C1D11D5181A0001453E3 /* Release */ = {
			isa = XCBuildConfiguration;
			buildSettings = {
				ALWAYS_SEARCH_USER_PATHS = NO;
				CLANG_ANALYZER_NONNULL = YES;
				CLANG_CXX_LANGUAGE_STANDARD = "gnu++0x";
				CLANG_CXX_LIBRARY = "libc++";
				CLANG_ENABLE_MODULES = YES;
				CLANG_ENABLE_OBJC_ARC = YES;
				CLANG_WARN_BOOL_CONVERSION = YES;
				CLANG_WARN_CONSTANT_CONVERSION = YES;
				CLANG_WARN_DIRECT_OBJC_ISA_USAGE = YES_ERROR;
				CLANG_WARN_EMPTY_BODY = YES;
				CLANG_WARN_ENUM_CONVERSION = YES;
				CLANG_WARN_INT_CONVERSION = YES;
				CLANG_WARN_OBJC_ROOT_CLASS = YES_ERROR;
				CLANG_WARN_UNREACHABLE_CODE = YES;
				CLANG_WARN__DUPLICATE_METHOD_MATCH = YES;
				"CODE_SIGN_IDENTITY[sdk=iphoneos*]" = "iPhone Developer";
				COPY_PHASE_STRIP = NO;
				DEBUG_INFORMATION_FORMAT = "dwarf-with-dsym";
				ENABLE_NS_ASSERTIONS = NO;
				ENABLE_STRICT_OBJC_MSGSEND = YES;
				GCC_C_LANGUAGE_STANDARD = gnu99;
				GCC_NO_COMMON_BLOCKS = YES;
				GCC_WARN_64_TO_32_BIT_CONVERSION = YES;
				GCC_WARN_ABOUT_RETURN_TYPE = YES_ERROR;
				GCC_WARN_UNDECLARED_SELECTOR = YES;
				GCC_WARN_UNINITIALIZED_AUTOS = YES_AGGRESSIVE;
				GCC_WARN_UNUSED_FUNCTION = YES;
				GCC_WARN_UNUSED_VARIABLE = YES;
				IPHONEOS_DEPLOYMENT_TARGET = 9.3;
				MTL_ENABLE_DEBUG_INFO = NO;
				SDKROOT = iphoneos;
				VALIDATE_PRODUCT = YES;
			};
			name = Release;
		};
		6752C1D31D5181A0001453E3 /* Debug */ = {
			isa = XCBuildConfiguration;
			buildSettings = {
				ASSETCATALOG_COMPILER_APPICON_NAME = AppIcon;
				CODE_SIGN_IDENTITY = "iPhone Developer";
				"CODE_SIGN_IDENTITY[sdk=iphoneos*]" = "iPhone Developer";
				INFOPLIST_FILE = Prototype/Info.plist;
				IPHONEOS_DEPLOYMENT_TARGET = 9.3;
				LD_RUNPATH_SEARCH_PATHS = "$(inherited) @executable_path/Frameworks";
				PRODUCT_BUNDLE_IDENTIFIER = pathos.Prototype;
				PRODUCT_NAME = "$(TARGET_NAME)";
				PROVISIONING_PROFILE = "";
				TARGETED_DEVICE_FAMILY = 1;
			};
			name = Debug;
		};
		6752C1D41D5181A0001453E3 /* Release */ = {
			isa = XCBuildConfiguration;
			buildSettings = {
				ASSETCATALOG_COMPILER_APPICON_NAME = AppIcon;
				CODE_SIGN_IDENTITY = "iPhone Developer";
				"CODE_SIGN_IDENTITY[sdk=iphoneos*]" = "iPhone Developer";
				INFOPLIST_FILE = Prototype/Info.plist;
				IPHONEOS_DEPLOYMENT_TARGET = 9.3;
				LD_RUNPATH_SEARCH_PATHS = "$(inherited) @executable_path/Frameworks";
				PRODUCT_BUNDLE_IDENTIFIER = pathos.Prototype;
				PRODUCT_NAME = "$(TARGET_NAME)";
				PROVISIONING_PROFILE = "";
				TARGETED_DEVICE_FAMILY = 1;
			};
			name = Release;
		};
		6752C1F71D5181B3001453E3 /* Debug */ = {
			isa = XCBuildConfiguration;
			buildSettings = {
				CODE_SIGN_ENTITLEMENTS = "Watch Prototype Extension/Watch Prototype Extension.entitlements";
				INFOPLIST_FILE = "Watch Prototype Extension/Info.plist";
				LD_RUNPATH_SEARCH_PATHS = "$(inherited) @executable_path/Frameworks @executable_path/../../Frameworks";
				PRODUCT_BUNDLE_IDENTIFIER = pathos.Prototype.watchkitapp.watchkitextension;
				PRODUCT_NAME = "${TARGET_NAME}";
				SDKROOT = watchos;
				SKIP_INSTALL = YES;
				TARGETED_DEVICE_FAMILY = 4;
				WATCHOS_DEPLOYMENT_TARGET = 2.2;
			};
			name = Debug;
		};
		6752C1F81D5181B3001453E3 /* Release */ = {
			isa = XCBuildConfiguration;
			buildSettings = {
				CODE_SIGN_ENTITLEMENTS = "Watch Prototype Extension/Watch Prototype Extension.entitlements";
				INFOPLIST_FILE = "Watch Prototype Extension/Info.plist";
				LD_RUNPATH_SEARCH_PATHS = "$(inherited) @executable_path/Frameworks @executable_path/../../Frameworks";
				PRODUCT_BUNDLE_IDENTIFIER = pathos.Prototype.watchkitapp.watchkitextension;
				PRODUCT_NAME = "${TARGET_NAME}";
				SDKROOT = watchos;
				SKIP_INSTALL = YES;
				TARGETED_DEVICE_FAMILY = 4;
				WATCHOS_DEPLOYMENT_TARGET = 2.2;
			};
			name = Release;
		};
		6752C1FB1D5181B3001453E3 /* Debug */ = {
			isa = XCBuildConfiguration;
			buildSettings = {
				ASSETCATALOG_COMPILER_APPICON_NAME = AppIcon;
				EMBEDDED_CONTENT_CONTAINS_SWIFT = YES;
				IBSC_MODULE = Watch_Prototype_Extension;
				INFOPLIST_FILE = "Watch Prototype/Info.plist";
				PRODUCT_BUNDLE_IDENTIFIER = pathos.Prototype.watchkitapp;
				PRODUCT_NAME = "$(TARGET_NAME)";
				SDKROOT = watchos;
				SKIP_INSTALL = YES;
				TARGETED_DEVICE_FAMILY = 4;
				WATCHOS_DEPLOYMENT_TARGET = 2.2;
			};
			name = Debug;
		};
		6752C1FC1D5181B3001453E3 /* Release */ = {
			isa = XCBuildConfiguration;
			buildSettings = {
				ASSETCATALOG_COMPILER_APPICON_NAME = AppIcon;
				EMBEDDED_CONTENT_CONTAINS_SWIFT = YES;
				IBSC_MODULE = Watch_Prototype_Extension;
				INFOPLIST_FILE = "Watch Prototype/Info.plist";
				PRODUCT_BUNDLE_IDENTIFIER = pathos.Prototype.watchkitapp;
				PRODUCT_NAME = "$(TARGET_NAME)";
				SDKROOT = watchos;
				SKIP_INSTALL = YES;
				TARGETED_DEVICE_FAMILY = 4;
				WATCHOS_DEPLOYMENT_TARGET = 2.2;
			};
			name = Release;
		};
/* End XCBuildConfiguration section */

/* Begin XCConfigurationList section */
		6752C1BB1D5181A0001453E3 /* Build configuration list for PBXProject "Prototype" */ = {
			isa = XCConfigurationList;
			buildConfigurations = (
				6752C1D01D5181A0001453E3 /* Debug */,
				6752C1D11D5181A0001453E3 /* Release */,
			);
			defaultConfigurationIsVisible = 0;
			defaultConfigurationName = Release;
		};
		6752C1D21D5181A0001453E3 /* Build configuration list for PBXNativeTarget "Prototype" */ = {
			isa = XCConfigurationList;
			buildConfigurations = (
				6752C1D31D5181A0001453E3 /* Debug */,
				6752C1D41D5181A0001453E3 /* Release */,
			);
			defaultConfigurationIsVisible = 0;
			defaultConfigurationName = Release;
		};
		6752C1F61D5181B3001453E3 /* Build configuration list for PBXNativeTarget "Watch Prototype Extension" */ = {
			isa = XCConfigurationList;
			buildConfigurations = (
				6752C1F71D5181B3001453E3 /* Debug */,
				6752C1F81D5181B3001453E3 /* Release */,
			);
			defaultConfigurationIsVisible = 0;
			defaultConfigurationName = Release;
		};
		6752C1FA1D5181B3001453E3 /* Build configuration list for PBXNativeTarget "Watch Prototype" */ = {
			isa = XCConfigurationList;
			buildConfigurations = (
				6752C1FB1D5181B3001453E3 /* Debug */,
				6752C1FC1D5181B3001453E3 /* Release */,
			);
			defaultConfigurationIsVisible = 0;
			defaultConfigurationName = Release;
		};
/* End XCConfigurationList section */
	};
	rootObject = 6752C1B81D5181A0001453E3 /* Project object */;
}
